// !$*UTF8*$!
{
	archiveVersion = 1;
	classes = {
	};
	objectVersion = 46;
	objects = {

/* Begin PBXBuildFile section */
		1D3623260D0F684500981E51 /* ScoreFiveHundredAppDelegate.m in Sources */ = {isa = PBXBuildFile; fileRef = 1D3623250D0F684500981E51 /* ScoreFiveHundredAppDelegate.m */; };
		1D60589B0D05DD56006BFB54 /* main.m in Sources */ = {isa = PBXBuildFile; fileRef = 29B97316FDCFA39411CA2CEA /* main.m */; };
		1D60589F0D05DD5A006BFB54 /* Foundation.framework in Frameworks */ = {isa = PBXBuildFile; fileRef = 1D30AB110D05D00D00671497 /* Foundation.framework */; };
		1DF5F4E00D08C38300B7A737 /* UIKit.framework in Frameworks */ = {isa = PBXBuildFile; fileRef = 1DF5F4DF0D08C38300B7A737 /* UIKit.framework */; };
		288765FD0DF74451002DB57D /* CoreGraphics.framework in Frameworks */ = {isa = PBXBuildFile; fileRef = 288765FC0DF74451002DB57D /* CoreGraphics.framework */; };
		5B184AF0146D10D2000EBA01 /* Setting.m in Sources */ = {isa = PBXBuildFile; fileRef = 5B184AEF146D10D2000EBA01 /* Setting.m */; };
		5B184AF5146D3F7A000EBA01 /* GameModeView.xib in Resources */ = {isa = PBXBuildFile; fileRef = 5B184AF4146D3F7A000EBA01 /* GameModeView.xib */; };
		5B184AF8146D4056000EBA01 /* GameModeViewController.m in Sources */ = {isa = PBXBuildFile; fileRef = 5B184AF7146D4056000EBA01 /* GameModeViewController.m */; };
		5B777F4314684CDE00955729 /* RoundScore.m in Sources */ = {isa = PBXBuildFile; fileRef = 5B777F4214684CDE00955729 /* RoundScore.m */; };
		5B7C7E00146C3ED200DB4785 /* GameModel.xcdatamodeld in Sources */ = {isa = PBXBuildFile; fileRef = 5BF2F041145EC1D30067E00C /* GameModel.xcdatamodeld */; };
		5B87EE2C144F0D2200C96F95 /* MainWindow-iPad.xib in Resources */ = {isa = PBXBuildFile; fileRef = 5B87EE2B144F0D2200C96F95 /* MainWindow-iPad.xib */; };
		5B904C5810D28A2B003F5324 /* BidTypeTest.m in Sources */ = {isa = PBXBuildFile; fileRef = 5B904C5710D28A2B003F5324 /* BidTypeTest.m */; };
		5B924BBF146C38A700CCF760 /* CoreData.framework in Frameworks */ = {isa = PBXBuildFile; fileRef = 5BA29366145F318500D5FAD6 /* CoreData.framework */; };
		5B924BC0146C38E700CCF760 /* RoundScore.m in Sources */ = {isa = PBXBuildFile; fileRef = 5B777F4214684CDE00955729 /* RoundScore.m */; };
		5B924BC1146C38E700CCF760 /* Game.m in Sources */ = {isa = PBXBuildFile; fileRef = 5BD2F374145EDB8900C7E762 /* Game.m */; };
		5B924BC2146C38E700CCF760 /* Team.m in Sources */ = {isa = PBXBuildFile; fileRef = 5BD2F377145EDB8A00C7E762 /* Team.m */; };
		5B924BC3146C38E700CCF760 /* Round.m in Sources */ = {isa = PBXBuildFile; fileRef = 5BD2F37D145EE22D00C7E762 /* Round.m */; };
		5BA29367145F318500D5FAD6 /* CoreData.framework in Frameworks */ = {isa = PBXBuildFile; fileRef = 5BA29366145F318500D5FAD6 /* CoreData.framework */; };
		5BAA5CD414569465007274F7 /* BiddingViewController.m in Sources */ = {isa = PBXBuildFile; fileRef = 5BAA5CC914569465007274F7 /* BiddingViewController.m */; };
		5BAA5CD514569465007274F7 /* GameListViewController.m in Sources */ = {isa = PBXBuildFile; fileRef = 5BAA5CCB14569465007274F7 /* GameListViewController.m */; };
		5BAA5CD614569465007274F7 /* GameSetUpViewController.m in Sources */ = {isa = PBXBuildFile; fileRef = 5BAA5CCD14569465007274F7 /* GameSetUpViewController.m */; };
		5BAA5CD714569465007274F7 /* GameViewController.m in Sources */ = {isa = PBXBuildFile; fileRef = 5BAA5CCF14569465007274F7 /* GameViewController.m */; };
		5BAA5CD814569465007274F7 /* HighestBiddingTeamViewController.m in Sources */ = {isa = PBXBuildFile; fileRef = 5BAA5CD114569465007274F7 /* HighestBiddingTeamViewController.m */; };
		5BAA5CD914569465007274F7 /* TricksWonViewController.m in Sources */ = {isa = PBXBuildFile; fileRef = 5BAA5CD314569465007274F7 /* TricksWonViewController.m */; };
		5BAA5CDD145694B0007274F7 /* BidType.m in Sources */ = {isa = PBXBuildFile; fileRef = 5BAA5CDC145694B0007274F7 /* BidType.m */; };
		5BAA5CE7145694B9007274F7 /* CellBidType.m in Sources */ = {isa = PBXBuildFile; fileRef = 5BAA5CE0145694B9007274F7 /* CellBidType.m */; };
		5BAA5CE8145694B9007274F7 /* CellGame.m in Sources */ = {isa = PBXBuildFile; fileRef = 5BAA5CE2145694B9007274F7 /* CellGame.m */; };
		5BAA5CE9145694B9007274F7 /* CellScoringRound.m in Sources */ = {isa = PBXBuildFile; fileRef = 5BAA5CE4145694B9007274F7 /* CellScoringRound.m */; };
		5BAA5CEA145694B9007274F7 /* CellWrapper.m in Sources */ = {isa = PBXBuildFile; fileRef = 5BAA5CE6145694B9007274F7 /* CellWrapper.m */; };
		5BAA5CFA14569552007274F7 /* BiddingView.xib in Resources */ = {isa = PBXBuildFile; fileRef = 5BAA5CEC14569552007274F7 /* BiddingView.xib */; };
		5BAA5CFB14569552007274F7 /* CellBidType.xib in Resources */ = {isa = PBXBuildFile; fileRef = 5BAA5CED14569552007274F7 /* CellBidType.xib */; };
		5BAA5CFC14569552007274F7 /* CellGame.xib in Resources */ = {isa = PBXBuildFile; fileRef = 5BAA5CEE14569552007274F7 /* CellGame.xib */; };
		5BAA5CFD14569552007274F7 /* CellScoringRound.xib in Resources */ = {isa = PBXBuildFile; fileRef = 5BAA5CEF14569552007274F7 /* CellScoringRound.xib */; };
		5BAA5CFE14569552007274F7 /* Default.png in Resources */ = {isa = PBXBuildFile; fileRef = 5BAA5CF014569552007274F7 /* Default.png */; };
		5BAA5CFF14569552007274F7 /* GameListView.xib in Resources */ = {isa = PBXBuildFile; fileRef = 5BAA5CF114569552007274F7 /* GameListView.xib */; };
		5BAA5D0014569552007274F7 /* GameSetUpView.xib in Resources */ = {isa = PBXBuildFile; fileRef = 5BAA5CF214569552007274F7 /* GameSetUpView.xib */; };
		5BAA5D0114569552007274F7 /* GameView.xib in Resources */ = {isa = PBXBuildFile; fileRef = 5BAA5CF314569552007274F7 /* GameView.xib */; };
		5BAA5D0214569552007274F7 /* HighestBiddingTeamView.xib in Resources */ = {isa = PBXBuildFile; fileRef = 5BAA5CF414569552007274F7 /* HighestBiddingTeamView.xib */; };
		5BAA5D0314569552007274F7 /* icon.png in Resources */ = {isa = PBXBuildFile; fileRef = 5BAA5CF514569552007274F7 /* icon.png */; };
		5BAA5D0414569552007274F7 /* MainWindow.xib in Resources */ = {isa = PBXBuildFile; fileRef = 5BAA5CF614569552007274F7 /* MainWindow.xib */; };
		5BAA5D0614569552007274F7 /* TricksWonView.xib in Resources */ = {isa = PBXBuildFile; fileRef = 5BAA5CF814569552007274F7 /* TricksWonView.xib */; };
		5BB92ABE1456A3E1008C70CB /* BidType.m in Sources */ = {isa = PBXBuildFile; fileRef = 5BAA5CDC145694B0007274F7 /* BidType.m */; };
		5BCC7B211471C93D00E79120 /* GameTournamentView.xib in Resources */ = {isa = PBXBuildFile; fileRef = 5BCC7B201471C93D00E79120 /* GameTournamentView.xib */; };
		5BCC7B251471C9A400E79120 /* GameTournamentViewController.m in Sources */ = {isa = PBXBuildFile; fileRef = 5BCC7B231471C9A400E79120 /* GameTournamentViewController.m */; };
		5BD2F375145EDB8900C7E762 /* Game.m in Sources */ = {isa = PBXBuildFile; fileRef = 5BD2F374145EDB8900C7E762 /* Game.m */; };
		5BD2F378145EDB8A00C7E762 /* Team.m in Sources */ = {isa = PBXBuildFile; fileRef = 5BD2F377145EDB8A00C7E762 /* Team.m */; };
		5BD2F37E145EE22D00C7E762 /* Round.m in Sources */ = {isa = PBXBuildFile; fileRef = 5BD2F37D145EE22D00C7E762 /* Round.m */; };
		5BF2F043145EC1D30067E00C /* GameModel.xcdatamodeld in Sources */ = {isa = PBXBuildFile; fileRef = 5BF2F041145EC1D30067E00C /* GameModel.xcdatamodeld */; };
/* End PBXBuildFile section */

/* Begin PBXContainerItemProxy section */
		5B904C5D10D28B4E003F5324 /* PBXContainerItemProxy */ = {
			isa = PBXContainerItemProxy;
			containerPortal = 29B97313FDCFA39411CA2CEA /* Project object */;
			proxyType = 1;
			remoteGlobalIDString = 5B904C3F10D2894A003F5324;
			remoteInfo = LogicTests;
		};
/* End PBXContainerItemProxy section */

/* Begin PBXFileReference section */
		1D30AB110D05D00D00671497 /* Foundation.framework */ = {isa = PBXFileReference; lastKnownFileType = wrapper.framework; name = Foundation.framework; path = System/Library/Frameworks/Foundation.framework; sourceTree = SDKROOT; };
		1D3623240D0F684500981E51 /* ScoreFiveHundredAppDelegate.h */ = {isa = PBXFileReference; fileEncoding = 4; lastKnownFileType = sourcecode.c.h; path = ScoreFiveHundredAppDelegate.h; sourceTree = "<group>"; };
		1D3623250D0F684500981E51 /* ScoreFiveHundredAppDelegate.m */ = {isa = PBXFileReference; fileEncoding = 4; lastKnownFileType = sourcecode.c.objc; path = ScoreFiveHundredAppDelegate.m; sourceTree = "<group>"; };
		1D6058910D05DD3D006BFB54 /* ScoreFiveHundred.app */ = {isa = PBXFileReference; explicitFileType = wrapper.application; includeInIndex = 0; path = ScoreFiveHundred.app; sourceTree = BUILT_PRODUCTS_DIR; };
		1DF5F4DF0D08C38300B7A737 /* UIKit.framework */ = {isa = PBXFileReference; lastKnownFileType = wrapper.framework; name = UIKit.framework; path = System/Library/Frameworks/UIKit.framework; sourceTree = SDKROOT; };
		288765FC0DF74451002DB57D /* CoreGraphics.framework */ = {isa = PBXFileReference; lastKnownFileType = wrapper.framework; name = CoreGraphics.framework; path = System/Library/Frameworks/CoreGraphics.framework; sourceTree = SDKROOT; };
		29B97316FDCFA39411CA2CEA /* main.m */ = {isa = PBXFileReference; fileEncoding = 4; lastKnownFileType = sourcecode.c.objc; path = main.m; sourceTree = "<group>"; };
		32CA4F630368D1EE00C91783 /* ScoreFiveHundred_Prefix.pch */ = {isa = PBXFileReference; fileEncoding = 4; lastKnownFileType = sourcecode.c.h; path = ScoreFiveHundred_Prefix.pch; sourceTree = "<group>"; };
		5B184AEE146D10D2000EBA01 /* Setting.h */ = {isa = PBXFileReference; fileEncoding = 4; lastKnownFileType = sourcecode.c.h; path = Setting.h; sourceTree = "<group>"; };
		5B184AEF146D10D2000EBA01 /* Setting.m */ = {isa = PBXFileReference; fileEncoding = 4; lastKnownFileType = sourcecode.c.objc; path = Setting.m; sourceTree = "<group>"; };
		5B184AF4146D3F7A000EBA01 /* GameModeView.xib */ = {isa = PBXFileReference; fileEncoding = 4; lastKnownFileType = file.xib; path = GameModeView.xib; sourceTree = "<group>"; };
		5B184AF6146D4056000EBA01 /* GameModeViewController.h */ = {isa = PBXFileReference; fileEncoding = 4; lastKnownFileType = sourcecode.c.h; path = GameModeViewController.h; sourceTree = "<group>"; };
		5B184AF7146D4056000EBA01 /* GameModeViewController.m */ = {isa = PBXFileReference; fileEncoding = 4; lastKnownFileType = sourcecode.c.objc; path = GameModeViewController.m; sourceTree = "<group>"; };
		5B777F4114684CDE00955729 /* RoundScore.h */ = {isa = PBXFileReference; fileEncoding = 4; lastKnownFileType = sourcecode.c.h; path = RoundScore.h; sourceTree = "<group>"; };
		5B777F4214684CDE00955729 /* RoundScore.m */ = {isa = PBXFileReference; fileEncoding = 4; lastKnownFileType = sourcecode.c.objc; path = RoundScore.m; sourceTree = "<group>"; };
		5B87EE2B144F0D2200C96F95 /* MainWindow-iPad.xib */ = {isa = PBXFileReference; lastKnownFileType = file.xib; name = "MainWindow-iPad.xib"; path = "iPad/MainWindow-iPad.xib"; sourceTree = "<group>"; };
		5B904C4010D2894A003F5324 /* LogicTests.octest */ = {isa = PBXFileReference; explicitFileType = wrapper.cfbundle; includeInIndex = 0; path = LogicTests.octest; sourceTree = BUILT_PRODUCTS_DIR; };
		5B904C4110D2894A003F5324 /* LogicTests-Info.plist */ = {isa = PBXFileReference; lastKnownFileType = text.plist; name = "LogicTests-Info.plist"; path = "Tests/LogicTests-Info.plist"; sourceTree = "<group>"; };
		5B904C5610D28A2B003F5324 /* BidTypeTest.h */ = {isa = PBXFileReference; fileEncoding = 4; lastKnownFileType = sourcecode.c.h; name = BidTypeTest.h; path = Tests/BidTypeTest.h; sourceTree = "<group>"; };
		5B904C5710D28A2B003F5324 /* BidTypeTest.m */ = {isa = PBXFileReference; fileEncoding = 4; lastKnownFileType = sourcecode.c.objc; name = BidTypeTest.m; path = Tests/BidTypeTest.m; sourceTree = "<group>"; };
		5BA29366145F318500D5FAD6 /* CoreData.framework */ = {isa = PBXFileReference; lastKnownFileType = wrapper.framework; name = CoreData.framework; path = System/Library/Frameworks/CoreData.framework; sourceTree = SDKROOT; };
		5BAA5CC814569465007274F7 /* BiddingViewController.h */ = {isa = PBXFileReference; fileEncoding = 4; lastKnownFileType = sourcecode.c.h; path = BiddingViewController.h; sourceTree = "<group>"; };
		5BAA5CC914569465007274F7 /* BiddingViewController.m */ = {isa = PBXFileReference; fileEncoding = 4; lastKnownFileType = sourcecode.c.objc; path = BiddingViewController.m; sourceTree = "<group>"; };
		5BAA5CCA14569465007274F7 /* GameListViewController.h */ = {isa = PBXFileReference; fileEncoding = 4; lastKnownFileType = sourcecode.c.h; path = GameListViewController.h; sourceTree = "<group>"; };
		5BAA5CCB14569465007274F7 /* GameListViewController.m */ = {isa = PBXFileReference; fileEncoding = 4; lastKnownFileType = sourcecode.c.objc; path = GameListViewController.m; sourceTree = "<group>"; };
		5BAA5CCC14569465007274F7 /* GameSetUpViewController.h */ = {isa = PBXFileReference; fileEncoding = 4; lastKnownFileType = sourcecode.c.h; path = GameSetUpViewController.h; sourceTree = "<group>"; };
		5BAA5CCD14569465007274F7 /* GameSetUpViewController.m */ = {isa = PBXFileReference; fileEncoding = 4; lastKnownFileType = sourcecode.c.objc; path = GameSetUpViewController.m; sourceTree = "<group>"; };
		5BAA5CCE14569465007274F7 /* GameViewController.h */ = {isa = PBXFileReference; fileEncoding = 4; lastKnownFileType = sourcecode.c.h; path = GameViewController.h; sourceTree = "<group>"; };
		5BAA5CCF14569465007274F7 /* GameViewController.m */ = {isa = PBXFileReference; fileEncoding = 4; lastKnownFileType = sourcecode.c.objc; path = GameViewController.m; sourceTree = "<group>"; };
		5BAA5CD014569465007274F7 /* HighestBiddingTeamViewController.h */ = {isa = PBXFileReference; fileEncoding = 4; lastKnownFileType = sourcecode.c.h; path = HighestBiddingTeamViewController.h; sourceTree = "<group>"; };
		5BAA5CD114569465007274F7 /* HighestBiddingTeamViewController.m */ = {isa = PBXFileReference; fileEncoding = 4; lastKnownFileType = sourcecode.c.objc; path = HighestBiddingTeamViewController.m; sourceTree = "<group>"; };
		5BAA5CD214569465007274F7 /* TricksWonViewController.h */ = {isa = PBXFileReference; fileEncoding = 4; lastKnownFileType = sourcecode.c.h; path = TricksWonViewController.h; sourceTree = "<group>"; };
		5BAA5CD314569465007274F7 /* TricksWonViewController.m */ = {isa = PBXFileReference; fileEncoding = 4; lastKnownFileType = sourcecode.c.objc; path = TricksWonViewController.m; sourceTree = "<group>"; };
		5BAA5CDB145694B0007274F7 /* BidType.h */ = {isa = PBXFileReference; fileEncoding = 4; lastKnownFileType = sourcecode.c.h; path = BidType.h; sourceTree = "<group>"; };
		5BAA5CDC145694B0007274F7 /* BidType.m */ = {isa = PBXFileReference; fileEncoding = 4; lastKnownFileType = sourcecode.c.objc; path = BidType.m; sourceTree = "<group>"; };
		5BAA5CDF145694B9007274F7 /* CellBidType.h */ = {isa = PBXFileReference; fileEncoding = 4; lastKnownFileType = sourcecode.c.h; path = CellBidType.h; sourceTree = "<group>"; };
		5BAA5CE0145694B9007274F7 /* CellBidType.m */ = {isa = PBXFileReference; fileEncoding = 4; lastKnownFileType = sourcecode.c.objc; path = CellBidType.m; sourceTree = "<group>"; };
		5BAA5CE1145694B9007274F7 /* CellGame.h */ = {isa = PBXFileReference; fileEncoding = 4; lastKnownFileType = sourcecode.c.h; path = CellGame.h; sourceTree = "<group>"; };
		5BAA5CE2145694B9007274F7 /* CellGame.m */ = {isa = PBXFileReference; fileEncoding = 4; lastKnownFileType = sourcecode.c.objc; path = CellGame.m; sourceTree = "<group>"; };
		5BAA5CE3145694B9007274F7 /* CellScoringRound.h */ = {isa = PBXFileReference; fileEncoding = 4; lastKnownFileType = sourcecode.c.h; path = CellScoringRound.h; sourceTree = "<group>"; };
		5BAA5CE4145694B9007274F7 /* CellScoringRound.m */ = {isa = PBXFileReference; fileEncoding = 4; lastKnownFileType = sourcecode.c.objc; path = CellScoringRound.m; sourceTree = "<group>"; };
		5BAA5CE5145694B9007274F7 /* CellWrapper.h */ = {isa = PBXFileReference; fileEncoding = 4; lastKnownFileType = sourcecode.c.h; path = CellWrapper.h; sourceTree = "<group>"; };
		5BAA5CE6145694B9007274F7 /* CellWrapper.m */ = {isa = PBXFileReference; fileEncoding = 4; lastKnownFileType = sourcecode.c.objc; path = CellWrapper.m; sourceTree = "<group>"; };
		5BAA5CEC14569552007274F7 /* BiddingView.xib */ = {isa = PBXFileReference; fileEncoding = 4; lastKnownFileType = file.xib; name = BiddingView.xib; path = Resources/BiddingView.xib; sourceTree = "<group>"; };
		5BAA5CED14569552007274F7 /* CellBidType.xib */ = {isa = PBXFileReference; fileEncoding = 4; lastKnownFileType = file.xib; name = CellBidType.xib; path = Resources/CellBidType.xib; sourceTree = "<group>"; };
		5BAA5CEE14569552007274F7 /* CellGame.xib */ = {isa = PBXFileReference; fileEncoding = 4; lastKnownFileType = file.xib; name = CellGame.xib; path = Resources/CellGame.xib; sourceTree = "<group>"; };
		5BAA5CEF14569552007274F7 /* CellScoringRound.xib */ = {isa = PBXFileReference; fileEncoding = 4; lastKnownFileType = file.xib; name = CellScoringRound.xib; path = Resources/CellScoringRound.xib; sourceTree = "<group>"; };
		5BAA5CF014569552007274F7 /* Default.png */ = {isa = PBXFileReference; lastKnownFileType = image.png; name = Default.png; path = Resources/Default.png; sourceTree = "<group>"; };
		5BAA5CF114569552007274F7 /* GameListView.xib */ = {isa = PBXFileReference; fileEncoding = 4; lastKnownFileType = file.xib; name = GameListView.xib; path = Resources/GameListView.xib; sourceTree = "<group>"; };
		5BAA5CF214569552007274F7 /* GameSetUpView.xib */ = {isa = PBXFileReference; fileEncoding = 4; lastKnownFileType = file.xib; name = GameSetUpView.xib; path = Resources/GameSetUpView.xib; sourceTree = "<group>"; };
		5BAA5CF314569552007274F7 /* GameView.xib */ = {isa = PBXFileReference; fileEncoding = 4; lastKnownFileType = file.xib; name = GameView.xib; path = Resources/GameView.xib; sourceTree = "<group>"; };
		5BAA5CF414569552007274F7 /* HighestBiddingTeamView.xib */ = {isa = PBXFileReference; fileEncoding = 4; lastKnownFileType = file.xib; name = HighestBiddingTeamView.xib; path = Resources/HighestBiddingTeamView.xib; sourceTree = "<group>"; };
		5BAA5CF514569552007274F7 /* icon.png */ = {isa = PBXFileReference; lastKnownFileType = image.png; name = icon.png; path = Resources/icon.png; sourceTree = "<group>"; };
		5BAA5CF614569552007274F7 /* MainWindow.xib */ = {isa = PBXFileReference; fileEncoding = 4; lastKnownFileType = file.xib; name = MainWindow.xib; path = Resources/MainWindow.xib; sourceTree = "<group>"; };
		5BAA5CF814569552007274F7 /* TricksWonView.xib */ = {isa = PBXFileReference; fileEncoding = 4; lastKnownFileType = file.xib; name = TricksWonView.xib; path = Resources/TricksWonView.xib; sourceTree = "<group>"; };
		5BAA5D071456A244007274F7 /* adhoc.plist */ = {isa = PBXFileReference; fileEncoding = 4; lastKnownFileType = text.plist.xml; path = adhoc.plist; sourceTree = "<group>"; };
		5BAA5D081456A244007274F7 /* ScoreFiveHundred-Info.plist */ = {isa = PBXFileReference; fileEncoding = 4; lastKnownFileType = text.plist.xml; path = "ScoreFiveHundred-Info.plist"; sourceTree = "<group>"; };
		5BCC7B201471C93D00E79120 /* GameTournamentView.xib */ = {isa = PBXFileReference; fileEncoding = 4; lastKnownFileType = file.xib; path = GameTournamentView.xib; sourceTree = "<group>"; };
		5BCC7B221471C9A300E79120 /* GameTournamentViewController.h */ = {isa = PBXFileReference; fileEncoding = 4; lastKnownFileType = sourcecode.c.h; path = GameTournamentViewController.h; sourceTree = "<group>"; };
		5BCC7B231471C9A400E79120 /* GameTournamentViewController.m */ = {isa = PBXFileReference; fileEncoding = 4; lastKnownFileType = sourcecode.c.objc; path = GameTournamentViewController.m; sourceTree = "<group>"; };
		5BD2F373145EDB8900C7E762 /* Game.h */ = {isa = PBXFileReference; fileEncoding = 4; lastKnownFileType = sourcecode.c.h; path = Game.h; sourceTree = "<group>"; };
		5BD2F374145EDB8900C7E762 /* Game.m */ = {isa = PBXFileReference; fileEncoding = 4; lastKnownFileType = sourcecode.c.objc; path = Game.m; sourceTree = "<group>"; };
		5BD2F376145EDB8A00C7E762 /* Team.h */ = {isa = PBXFileReference; fileEncoding = 4; lastKnownFileType = sourcecode.c.h; path = Team.h; sourceTree = "<group>"; };
		5BD2F377145EDB8A00C7E762 /* Team.m */ = {isa = PBXFileReference; fileEncoding = 4; lastKnownFileType = sourcecode.c.objc; path = Team.m; sourceTree = "<group>"; };
		5BD2F37C145EE22D00C7E762 /* Round.h */ = {isa = PBXFileReference; fileEncoding = 4; lastKnownFileType = sourcecode.c.h; path = Round.h; sourceTree = "<group>"; };
		5BD2F37D145EE22D00C7E762 /* Round.m */ = {isa = PBXFileReference; fileEncoding = 4; lastKnownFileType = sourcecode.c.objc; path = Round.m; sourceTree = "<group>"; };
		5BF2F042145EC1D30067E00C /* GameModel.xcdatamodel */ = {isa = PBXFileReference; lastKnownFileType = wrapper.xcdatamodel; path = GameModel.xcdatamodel; sourceTree = "<group>"; };
/* End PBXFileReference section */

/* Begin PBXFrameworksBuildPhase section */
		1D60588F0D05DD3D006BFB54 /* Frameworks */ = {
			isa = PBXFrameworksBuildPhase;
			buildActionMask = 2147483647;
			files = (
				5BA29367145F318500D5FAD6 /* CoreData.framework in Frameworks */,
				1D60589F0D05DD5A006BFB54 /* Foundation.framework in Frameworks */,
				1DF5F4E00D08C38300B7A737 /* UIKit.framework in Frameworks */,
				288765FD0DF74451002DB57D /* CoreGraphics.framework in Frameworks */,
			);
			runOnlyForDeploymentPostprocessing = 0;
		};
		5B904C3D10D2894A003F5324 /* Frameworks */ = {
			isa = PBXFrameworksBuildPhase;
			buildActionMask = 2147483647;
			files = (
				5B924BBF146C38A700CCF760 /* CoreData.framework in Frameworks */,
			);
			runOnlyForDeploymentPostprocessing = 0;
		};
/* End PBXFrameworksBuildPhase section */

/* Begin PBXGroup section */
		080E96DDFE201D6D7F000001 /* Classes */ = {
			isa = PBXGroup;
			children = (
				5BAA5CDE145694B9007274F7 /* Views */,
				5BAA5CDA145694B0007274F7 /* Models */,
				5BAA5CC714569465007274F7 /* Controllers */,
				1D3623240D0F684500981E51 /* ScoreFiveHundredAppDelegate.h */,
				1D3623250D0F684500981E51 /* ScoreFiveHundredAppDelegate.m */,
			);
			path = Classes;
			sourceTree = "<group>";
		};
		19C28FACFE9D520D11CA2CBB /* Products */ = {
			isa = PBXGroup;
			children = (
				1D6058910D05DD3D006BFB54 /* ScoreFiveHundred.app */,
				5B904C4010D2894A003F5324 /* LogicTests.octest */,
			);
			name = Products;
			sourceTree = "<group>";
		};
		29B97314FDCFA39411CA2CEA /* CustomTemplate */ = {
			isa = PBXGroup;
			children = (
				5BA29366145F318500D5FAD6 /* CoreData.framework */,
				080E96DDFE201D6D7F000001 /* Classes */,
				5B904C5410D28990003F5324 /* Tests */,
				29B97315FDCFA39411CA2CEA /* Other Sources */,
				5BAA5D071456A244007274F7 /* adhoc.plist */,
				5BAA5D081456A244007274F7 /* ScoreFiveHundred-Info.plist */,
				29B97317FDCFA39411CA2CEA /* Resources */,
				5B87EE2A144F0D2100C96F95 /* iPad */,
				29B97323FDCFA39411CA2CEA /* Frameworks */,
				19C28FACFE9D520D11CA2CBB /* Products */,
			);
			name = CustomTemplate;
			sourceTree = "<group>";
		};
		29B97315FDCFA39411CA2CEA /* Other Sources */ = {
			isa = PBXGroup;
			children = (
				32CA4F630368D1EE00C91783 /* ScoreFiveHundred_Prefix.pch */,
				29B97316FDCFA39411CA2CEA /* main.m */,
			);
			name = "Other Sources";
			sourceTree = "<group>";
		};
		29B97317FDCFA39411CA2CEA /* Resources */ = {
			isa = PBXGroup;
			children = (
				5B184AF3146D3F16000EBA01 /* Settings */,
				5BAA5CF614569552007274F7 /* MainWindow.xib */,
				5BAA5CF114569552007274F7 /* GameListView.xib */,
				5BAA5CF214569552007274F7 /* GameSetUpView.xib */,
				5BAA5CF314569552007274F7 /* GameView.xib */,
				5BAA5CF414569552007274F7 /* HighestBiddingTeamView.xib */,
				5BAA5CEC14569552007274F7 /* BiddingView.xib */,
				5BAA5CF814569552007274F7 /* TricksWonView.xib */,
				5BAA5CF014569552007274F7 /* Default.png */,
				5BAA5CF514569552007274F7 /* icon.png */,
				5BAA5CED14569552007274F7 /* CellBidType.xib */,
				5BAA5CEE14569552007274F7 /* CellGame.xib */,
				5BAA5CEF14569552007274F7 /* CellScoringRound.xib */,
			);
			name = Resources;
			sourceTree = "<group>";
		};
		29B97323FDCFA39411CA2CEA /* Frameworks */ = {
			isa = PBXGroup;
			children = (
				1DF5F4DF0D08C38300B7A737 /* UIKit.framework */,
				1D30AB110D05D00D00671497 /* Foundation.framework */,
				288765FC0DF74451002DB57D /* CoreGraphics.framework */,
			);
			name = Frameworks;
			sourceTree = "<group>";
		};
		5B184AF3146D3F16000EBA01 /* Settings */ = {
			isa = PBXGroup;
			children = (
				5B184AF4146D3F7A000EBA01 /* GameModeView.xib */,
				5BCC7B201471C93D00E79120 /* GameTournamentView.xib */,
			);
			name = Settings;
			path = Resources/Settings;
			sourceTree = "<group>";
		};
		5B87EE2A144F0D2100C96F95 /* iPad */ = {
			isa = PBXGroup;
			children = (
				5B87EE2B144F0D2200C96F95 /* MainWindow-iPad.xib */,
			);
			name = iPad;
			sourceTree = "<group>";
		};
		5B904C5410D28990003F5324 /* Tests */ = {
			isa = PBXGroup;
			children = (
				5B904C5610D28A2B003F5324 /* BidTypeTest.h */,
				5B904C5710D28A2B003F5324 /* BidTypeTest.m */,
				5B904C4110D2894A003F5324 /* LogicTests-Info.plist */,
			);
			name = Tests;
			sourceTree = "<group>";
		};
		5BAA5CC714569465007274F7 /* Controllers */ = {
			isa = PBXGroup;
			children = (
				5BAA5CCA14569465007274F7 /* GameListViewController.h */,
				5BAA5CCB14569465007274F7 /* GameListViewController.m */,
				5BAA5CCC14569465007274F7 /* GameSetUpViewController.h */,
				5BAA5CCD14569465007274F7 /* GameSetUpViewController.m */,
				5B184AF6146D4056000EBA01 /* GameModeViewController.h */,
				5B184AF7146D4056000EBA01 /* GameModeViewController.m */,
				5BCC7B221471C9A300E79120 /* GameTournamentViewController.h */,
				5BCC7B231471C9A400E79120 /* GameTournamentViewController.m */,
				5BAA5CCE14569465007274F7 /* GameViewController.h */,
				5BAA5CCF14569465007274F7 /* GameViewController.m */,
				5BAA5CD014569465007274F7 /* HighestBiddingTeamViewController.h */,
				5BAA5CD114569465007274F7 /* HighestBiddingTeamViewController.m */,
				5BAA5CC814569465007274F7 /* BiddingViewController.h */,
				5BAA5CC914569465007274F7 /* BiddingViewController.m */,
				5BAA5CD214569465007274F7 /* TricksWonViewController.h */,
				5BAA5CD314569465007274F7 /* TricksWonViewController.m */,
			);
			path = Controllers;
			sourceTree = "<group>";
		};
		5BAA5CDA145694B0007274F7 /* Models */ = {
			isa = PBXGroup;
			children = (
				5BAA5CDB145694B0007274F7 /* BidType.h */,
				5BAA5CDC145694B0007274F7 /* BidType.m */,
				5BF2F041145EC1D30067E00C /* GameModel.xcdatamodeld */,
				5BD2F373145EDB8900C7E762 /* Game.h */,
				5BD2F374145EDB8900C7E762 /* Game.m */,
				5B184AEE146D10D2000EBA01 /* Setting.h */,
				5B184AEF146D10D2000EBA01 /* Setting.m */,
				5BD2F376145EDB8A00C7E762 /* Team.h */,
				5BD2F377145EDB8A00C7E762 /* Team.m */,
				5BD2F37C145EE22D00C7E762 /* Round.h */,
				5BD2F37D145EE22D00C7E762 /* Round.m */,
				5B777F4114684CDE00955729 /* RoundScore.h */,
				5B777F4214684CDE00955729 /* RoundScore.m */,
			);
			path = Models;
			sourceTree = "<group>";
		};
		5BAA5CDE145694B9007274F7 /* Views */ = {
			isa = PBXGroup;
			children = (
				5BAA5CDF145694B9007274F7 /* CellBidType.h */,
				5BAA5CE0145694B9007274F7 /* CellBidType.m */,
				5BAA5CE1145694B9007274F7 /* CellGame.h */,
				5BAA5CE2145694B9007274F7 /* CellGame.m */,
				5BAA5CE3145694B9007274F7 /* CellScoringRound.h */,
				5BAA5CE4145694B9007274F7 /* CellScoringRound.m */,
				5BAA5CE5145694B9007274F7 /* CellWrapper.h */,
				5BAA5CE6145694B9007274F7 /* CellWrapper.m */,
			);
			path = Views;
			sourceTree = "<group>";
		};
/* End PBXGroup section */

/* Begin PBXNativeTarget section */
		1D6058900D05DD3D006BFB54 /* ScoreFiveHundred */ = {
			isa = PBXNativeTarget;
			buildConfigurationList = 1D6058960D05DD3E006BFB54 /* Build configuration list for PBXNativeTarget "ScoreFiveHundred" */;
			buildPhases = (
				1D60588D0D05DD3D006BFB54 /* Resources */,
				1D60588E0D05DD3D006BFB54 /* Sources */,
				1D60588F0D05DD3D006BFB54 /* Frameworks */,
			);
			buildRules = (
			);
			dependencies = (
				5B904C5E10D28B4E003F5324 /* PBXTargetDependency */,
			);
			name = ScoreFiveHundred;
			productName = ScoreFiveHundred;
			productReference = 1D6058910D05DD3D006BFB54 /* ScoreFiveHundred.app */;
			productType = "com.apple.product-type.application";
		};
		5B904C3F10D2894A003F5324 /* LogicTests */ = {
			isa = PBXNativeTarget;
			buildConfigurationList = 5B904C4710D2894A003F5324 /* Build configuration list for PBXNativeTarget "LogicTests" */;
			buildPhases = (
				5B904C3B10D2894A003F5324 /* Resources */,
				5B904C3C10D2894A003F5324 /* Sources */,
				5B904C3D10D2894A003F5324 /* Frameworks */,
				5B904C3E10D2894A003F5324 /* ShellScript */,
			);
			buildRules = (
			);
			dependencies = (
			);
			name = LogicTests;
			productName = LogicTests;
			productReference = 5B904C4010D2894A003F5324 /* LogicTests.octest */;
			productType = "com.apple.product-type.bundle";
		};
/* End PBXNativeTarget section */

/* Begin PBXProject section */
		29B97313FDCFA39411CA2CEA /* Project object */ = {
			isa = PBXProject;
			attributes = {
				LastUpgradeCheck = 0420;
			};
			buildConfigurationList = C01FCF4E08A954540054247B /* Build configuration list for PBXProject "ScoreFiveHundred" */;
			compatibilityVersion = "Xcode 3.2";
			developmentRegion = English;
			hasScannedForEncodings = 1;
			knownRegions = (
				en,
			);
			mainGroup = 29B97314FDCFA39411CA2CEA /* CustomTemplate */;
			projectDirPath = "";
			projectRoot = "";
			targets = (
				1D6058900D05DD3D006BFB54 /* ScoreFiveHundred */,
				5B904C3F10D2894A003F5324 /* LogicTests */,
			);
		};
/* End PBXProject section */

/* Begin PBXResourcesBuildPhase section */
		1D60588D0D05DD3D006BFB54 /* Resources */ = {
			isa = PBXResourcesBuildPhase;
			buildActionMask = 2147483647;
			files = (
				5B87EE2C144F0D2200C96F95 /* MainWindow-iPad.xib in Resources */,
				5BAA5CFA14569552007274F7 /* BiddingView.xib in Resources */,
				5BAA5CFB14569552007274F7 /* CellBidType.xib in Resources */,
				5BAA5CFC14569552007274F7 /* CellGame.xib in Resources */,
				5BAA5CFD14569552007274F7 /* CellScoringRound.xib in Resources */,
				5BAA5CFE14569552007274F7 /* Default.png in Resources */,
				5BAA5CFF14569552007274F7 /* GameListView.xib in Resources */,
				5BAA5D0014569552007274F7 /* GameSetUpView.xib in Resources */,
				5BAA5D0114569552007274F7 /* GameView.xib in Resources */,
				5BAA5D0214569552007274F7 /* HighestBiddingTeamView.xib in Resources */,
				5BAA5D0314569552007274F7 /* icon.png in Resources */,
				5BAA5D0414569552007274F7 /* MainWindow.xib in Resources */,
				5BAA5D0614569552007274F7 /* TricksWonView.xib in Resources */,
				5B184AF5146D3F7A000EBA01 /* GameModeView.xib in Resources */,
				5BCC7B211471C93D00E79120 /* GameTournamentView.xib in Resources */,
			);
			runOnlyForDeploymentPostprocessing = 0;
		};
		5B904C3B10D2894A003F5324 /* Resources */ = {
			isa = PBXResourcesBuildPhase;
			buildActionMask = 2147483647;
			files = (
			);
			runOnlyForDeploymentPostprocessing = 0;
		};
/* End PBXResourcesBuildPhase section */

/* Begin PBXShellScriptBuildPhase section */
		5B904C3E10D2894A003F5324 /* ShellScript */ = {
			isa = PBXShellScriptBuildPhase;
			buildActionMask = 2147483647;
			files = (
			);
			inputPaths = (
			);
			outputPaths = (
			);
			runOnlyForDeploymentPostprocessing = 0;
			shellPath = /bin/sh;
			shellScript = "# Run the unit tests in this test bundle.\n\"${SYSTEM_DEVELOPER_DIR}/Tools/RunUnitTests\" 1> /tmp/RunUnitTests.out";
		};
/* End PBXShellScriptBuildPhase section */

/* Begin PBXSourcesBuildPhase section */
		1D60588E0D05DD3D006BFB54 /* Sources */ = {
			isa = PBXSourcesBuildPhase;
			buildActionMask = 2147483647;
			files = (
				1D60589B0D05DD56006BFB54 /* main.m in Sources */,
				1D3623260D0F684500981E51 /* ScoreFiveHundredAppDelegate.m in Sources */,
				5BAA5CD414569465007274F7 /* BiddingViewController.m in Sources */,
				5BAA5CD514569465007274F7 /* GameListViewController.m in Sources */,
				5BAA5CD614569465007274F7 /* GameSetUpViewController.m in Sources */,
				5BAA5CD714569465007274F7 /* GameViewController.m in Sources */,
				5BAA5CD814569465007274F7 /* HighestBiddingTeamViewController.m in Sources */,
				5BAA5CD914569465007274F7 /* TricksWonViewController.m in Sources */,
				5BAA5CDD145694B0007274F7 /* BidType.m in Sources */,
				5BAA5CE7145694B9007274F7 /* CellBidType.m in Sources */,
				5BAA5CE8145694B9007274F7 /* CellGame.m in Sources */,
				5BAA5CE9145694B9007274F7 /* CellScoringRound.m in Sources */,
				5BAA5CEA145694B9007274F7 /* CellWrapper.m in Sources */,
				5BF2F043145EC1D30067E00C /* GameModel.xcdatamodeld in Sources */,
				5BD2F375145EDB8900C7E762 /* Game.m in Sources */,
				5BD2F378145EDB8A00C7E762 /* Team.m in Sources */,
				5BD2F37E145EE22D00C7E762 /* Round.m in Sources */,
				5B777F4314684CDE00955729 /* RoundScore.m in Sources */,
				5B184AF0146D10D2000EBA01 /* Setting.m in Sources */,
				5B184AF8146D4056000EBA01 /* GameModeViewController.m in Sources */,
				5BCC7B251471C9A400E79120 /* GameTournamentViewController.m in Sources */,
			);
			runOnlyForDeploymentPostprocessing = 0;
		};
		5B904C3C10D2894A003F5324 /* Sources */ = {
			isa = PBXSourcesBuildPhase;
			buildActionMask = 2147483647;
			files = (
				5B7C7E00146C3ED200DB4785 /* GameModel.xcdatamodeld in Sources */,
				5B924BC0146C38E700CCF760 /* RoundScore.m in Sources */,
				5B924BC1146C38E700CCF760 /* Game.m in Sources */,
				5B924BC2146C38E700CCF760 /* Team.m in Sources */,
				5B924BC3146C38E700CCF760 /* Round.m in Sources */,
				5BB92ABE1456A3E1008C70CB /* BidType.m in Sources */,
				5B904C5810D28A2B003F5324 /* BidTypeTest.m in Sources */,
			);
			runOnlyForDeploymentPostprocessing = 0;
		};
/* End PBXSourcesBuildPhase section */

/* Begin PBXTargetDependency section */
		5B904C5E10D28B4E003F5324 /* PBXTargetDependency */ = {
			isa = PBXTargetDependency;
			target = 5B904C3F10D2894A003F5324 /* LogicTests */;
			targetProxy = 5B904C5D10D28B4E003F5324 /* PBXContainerItemProxy */;
		};
/* End PBXTargetDependency section */

/* Begin XCBuildConfiguration section */
		1D6058940D05DD3E006BFB54 /* Debug */ = {
			isa = XCBuildConfiguration;
			buildSettings = {
				ALWAYS_SEARCH_USER_PATHS = NO;
				COPY_PHASE_STRIP = NO;
				GCC_DYNAMIC_NO_PIC = NO;
				GCC_OPTIMIZATION_LEVEL = 0;
				GCC_PRECOMPILE_PREFIX_HEADER = YES;
				GCC_PREFIX_HEADER = ScoreFiveHundred_Prefix.pch;
				GCC_VERSION = "";
				INFOPLIST_FILE = "ScoreFiveHundred-Info.plist";
				IPHONEOS_DEPLOYMENT_TARGET = 5.0;
				PRODUCT_NAME = ScoreFiveHundred;
				SDKROOT = iphoneos;
				TARGETED_DEVICE_FAMILY = "1,2";
			};
			name = Debug;
		};
		1D6058950D05DD3E006BFB54 /* Release */ = {
			isa = XCBuildConfiguration;
			buildSettings = {
				ALWAYS_SEARCH_USER_PATHS = NO;
				COPY_PHASE_STRIP = YES;
				GCC_PRECOMPILE_PREFIX_HEADER = YES;
				GCC_PREFIX_HEADER = ScoreFiveHundred_Prefix.pch;
				GCC_VERSION = "";
				INFOPLIST_FILE = "ScoreFiveHundred-Info.plist";
				IPHONEOS_DEPLOYMENT_TARGET = 5.0;
				PRODUCT_NAME = ScoreFiveHundred;
				TARGETED_DEVICE_FAMILY = "1,2";
			};
			name = Release;
		};
		5B646B8C111796C800B7F8FB /* Ad-Hoc */ = {
			isa = XCBuildConfiguration;
			buildSettings = {
				ARCHS = "$(ARCHS_STANDARD_32_BIT)";
				CODE_SIGN_ENTITLEMENTS = adhoc.plist;
				CODE_SIGN_IDENTITY = "";
				"CODE_SIGN_IDENTITY[sdk=iphoneos*]" = "iPhone Distribution";
				GCC_C_LANGUAGE_STANDARD = c99;
				GCC_WARN_ABOUT_RETURN_TYPE = YES;
				GCC_WARN_UNUSED_VARIABLE = YES;
				"PROVISIONING_PROFILE[sdk=iphoneos*]" = "";
				SDKROOT = iphoneos;
			};
			name = "Ad-Hoc";
		};
		5B646B8D111796C800B7F8FB /* Ad-Hoc */ = {
			isa = XCBuildConfiguration;
			buildSettings = {
				ALWAYS_SEARCH_USER_PATHS = NO;
				COPY_PHASE_STRIP = YES;
				GCC_PRECOMPILE_PREFIX_HEADER = YES;
				GCC_PREFIX_HEADER = ScoreFiveHundred_Prefix.pch;
				GCC_VERSION = "";
				INFOPLIST_FILE = "ScoreFiveHundred-Info.plist";
				IPHONEOS_DEPLOYMENT_TARGET = 5.0;
				PRODUCT_NAME = ScoreFiveHundred;
				TARGETED_DEVICE_FAMILY = "1,2";
			};
			name = "Ad-Hoc";
		};
		5B646B8E111796C800B7F8FB /* Ad-Hoc */ = {
			isa = XCBuildConfiguration;
			buildSettings = {
				ALWAYS_SEARCH_USER_PATHS = NO;
				COPY_PHASE_STRIP = YES;
				DEBUG_INFORMATION_FORMAT = "dwarf-with-dsym";
				FRAMEWORK_SEARCH_PATHS = (
					"\"$(SDKROOT)/Developer/Library/Frameworks\"",
					"\"$(DEVELOPER_LIBRARY_DIR)/Frameworks\"",
				);
				GCC_ENABLE_OBJC_EXCEPTIONS = YES;
				INFOPLIST_FILE = "Tests/LogicTests-Info.plist";
				OTHER_LDFLAGS = (
					"-framework",
					Foundation,
					"-framework",
					SenTestingKit,
					"-framework",
					UIKit,
				);
				PRODUCT_NAME = LogicTests;
				WRAPPER_EXTENSION = octest;
				ZERO_LINK = NO;
			};
			name = "Ad-Hoc";
		};
		5B904C4510D2894A003F5324 /* Debug */ = {
			isa = XCBuildConfiguration;
			buildSettings = {
				ALWAYS_SEARCH_USER_PATHS = NO;
				COPY_PHASE_STRIP = NO;
				FRAMEWORK_SEARCH_PATHS = (
					"\"$(SDKROOT)/Developer/Library/Frameworks\"",
					"\"$(DEVELOPER_LIBRARY_DIR)/Frameworks\"",
				);
				GCC_DYNAMIC_NO_PIC = NO;
				GCC_ENABLE_OBJC_EXCEPTIONS = YES;
				GCC_OPTIMIZATION_LEVEL = 0;
				INFOPLIST_FILE = "Tests/LogicTests-Info.plist";
				OTHER_LDFLAGS = (
					"-framework",
					Foundation,
					"-framework",
					SenTestingKit,
					"-framework",
					UIKit,
				);
				PRODUCT_NAME = LogicTests;
				SDKROOT = iphoneos;
				WRAPPER_EXTENSION = octest;
			};
			name = Debug;
		};
		5B904C4610D2894A003F5324 /* Release */ = {
			isa = XCBuildConfiguration;
			buildSettings = {
				ALWAYS_SEARCH_USER_PATHS = NO;
				COPY_PHASE_STRIP = YES;
				DEBUG_INFORMATION_FORMAT = "dwarf-with-dsym";
				FRAMEWORK_SEARCH_PATHS = (
					"\"$(SDKROOT)/Developer/Library/Frameworks\"",
					"\"$(DEVELOPER_LIBRARY_DIR)/Frameworks\"",
				);
				GCC_ENABLE_OBJC_EXCEPTIONS = YES;
				INFOPLIST_FILE = "Tests/LogicTests-Info.plist";
				OTHER_LDFLAGS = (
					"-framework",
					Foundation,
					"-framework",
					SenTestingKit,
					"-framework",
					UIKit,
				);
				PRODUCT_NAME = LogicTests;
				WRAPPER_EXTENSION = octest;
				ZERO_LINK = NO;
			};
			name = Release;
		};
		C01FCF4F08A954540054247B /* Debug */ = {
			isa = XCBuildConfiguration;
			buildSettings = {
				ARCHS = "$(ARCHS_STANDARD_32_BIT)";
				"CODE_SIGN_IDENTITY[sdk=iphoneos*]" = "iPhone Developer";
				GCC_C_LANGUAGE_STANDARD = c99;
				GCC_WARN_ABOUT_RETURN_TYPE = YES;
				GCC_WARN_UNUSED_VARIABLE = YES;
				SDKROOT = iphoneos;
			};
			name = Debug;
		};
		C01FCF5008A954540054247B /* Release */ = {
			isa = XCBuildConfiguration;
			buildSettings = {
				ARCHS = "$(ARCHS_STANDARD_32_BIT)";
				CODE_SIGN_IDENTITY = "iPhone Distribution: MeltingWaldo UK Ltd";
				GCC_C_LANGUAGE_STANDARD = c99;
				GCC_WARN_ABOUT_RETURN_TYPE = YES;
				GCC_WARN_UNUSED_VARIABLE = YES;
				PROVISIONING_PROFILE = "7DEFABF4-4847-463E-A322-739AA7602D1C";
				SDKROOT = iphoneos;
			};
			name = Release;
		};
/* End XCBuildConfiguration section */

/* Begin XCConfigurationList section */
		1D6058960D05DD3E006BFB54 /* Build configuration list for PBXNativeTarget "ScoreFiveHundred" */ = {
			isa = XCConfigurationList;
			buildConfigurations = (
				1D6058940D05DD3E006BFB54 /* Debug */,
				1D6058950D05DD3E006BFB54 /* Release */,
				5B646B8D111796C800B7F8FB /* Ad-Hoc */,
			);
			defaultConfigurationIsVisible = 0;
			defaultConfigurationName = Release;
		};
		5B904C4710D2894A003F5324 /* Build configuration list for PBXNativeTarget "LogicTests" */ = {
			isa = XCConfigurationList;
			buildConfigurations = (
				5B904C4510D2894A003F5324 /* Debug */,
				5B904C4610D2894A003F5324 /* Release */,
				5B646B8E111796C800B7F8FB /* Ad-Hoc */,
			);
			defaultConfigurationIsVisible = 0;
			defaultConfigurationName = Release;
		};
		C01FCF4E08A954540054247B /* Build configuration list for PBXProject "ScoreFiveHundred" */ = {
			isa = XCConfigurationList;
			buildConfigurations = (
				C01FCF4F08A954540054247B /* Debug */,
				C01FCF5008A954540054247B /* Release */,
				5B646B8C111796C800B7F8FB /* Ad-Hoc */,
			);
			defaultConfigurationIsVisible = 0;
			defaultConfigurationName = Release;
		};
/* End XCConfigurationList section */

/* Begin XCVersionGroup section */
		5BF2F041145EC1D30067E00C /* GameModel.xcdatamodeld */ = {
			isa = XCVersionGroup;
			children = (
				5BF2F042145EC1D30067E00C /* GameModel.xcdatamodel */,
			);
			currentVersion = 5BF2F042145EC1D30067E00C /* GameModel.xcdatamodel */;
			path = GameModel.xcdatamodeld;
			sourceTree = "<group>";
			versionGroupType = wrapper.xcdatamodel;
		};
/* End XCVersionGroup section */
	};
	rootObject = 29B97313FDCFA39411CA2CEA /* Project object */;
}
