// !$*UTF8*$!
{
	archiveVersion = 1;
	classes = {
	};
	objectVersion = 46;
	objects = {

/* Begin PBXBuildFile section */
		1D3623260D0F684500981E51 /* ScoreFiveHundredAppDelegate.m in Sources */ = {isa = PBXBuildFile; fileRef = 1D3623250D0F684500981E51 /* ScoreFiveHundredAppDelegate.m */; };
		1D60589B0D05DD56006BFB54 /* main.m in Sources */ = {isa = PBXBuildFile; fileRef = 29B97316FDCFA39411CA2CEA /* main.m */; };
		1D60589F0D05DD5A006BFB54 /* Foundation.framework in Frameworks */ = {isa = PBXBuildFile; fileRef = 1D30AB110D05D00D00671497 /* Foundation.framework */; };
		1DF5F4E00D08C38300B7A737 /* UIKit.framework in Frameworks */ = {isa = PBXBuildFile; fileRef = 1DF5F4DF0D08C38300B7A737 /* UIKit.framework */; };
		288765FD0DF74451002DB57D /* CoreGraphics.framework in Frameworks */ = {isa = PBXBuildFile; fileRef = 288765FC0DF74451002DB57D /* CoreGraphics.framework */; };
		28AD733F0D9D9553002E5188 /* MainWindow.xib in Resources */ = {isa = PBXBuildFile; fileRef = 28AD733E0D9D9553002E5188 /* MainWindow.xib */; };
		5B083DAB10FBAE3C0018A6D1 /* Default.png in Resources */ = {isa = PBXBuildFile; fileRef = 5B083DAA10FBAE3C0018A6D1 /* Default.png */; };
		5B083DAC10FBAE3C0018A6D1 /* Default.png in Resources */ = {isa = PBXBuildFile; fileRef = 5B083DAA10FBAE3C0018A6D1 /* Default.png */; };
		5B2ED84110FB9F4200228C9E /* icon.png in Resources */ = {isa = PBXBuildFile; fileRef = 5B2ED84010FB9F4200228C9E /* icon.png */; };
		5B49946710CFEF8E00C24443 /* CellWrapper.m in Sources */ = {isa = PBXBuildFile; fileRef = 5B49946610CFEF8E00C24443 /* CellWrapper.m */; };
		5B49946E10CFF0C700C24443 /* CellBidType.m in Sources */ = {isa = PBXBuildFile; fileRef = 5B49946D10CFF0C700C24443 /* CellBidType.m */; };
		5B49947010CFF18000C24443 /* CellBidType.xib in Resources */ = {isa = PBXBuildFile; fileRef = 5B49946F10CFF18000C24443 /* CellBidType.xib */; };
		5B57159610EF0CDE005F2E9F /* BiddingViewController.m in Sources */ = {isa = PBXBuildFile; fileRef = 5B57159410EF0CDE005F2E9F /* BiddingViewController.m */; };
		5B5715A010EF0E18005F2E9F /* BiddingView.xib in Resources */ = {isa = PBXBuildFile; fileRef = 5B57159F10EF0E18005F2E9F /* BiddingView.xib */; };
		5B78341010EA86570002A237 /* CellGame.xib in Resources */ = {isa = PBXBuildFile; fileRef = 5B78340F10EA86570002A237 /* CellGame.xib */; };
		5B78341310EA8B3A0002A237 /* CellGame.m in Sources */ = {isa = PBXBuildFile; fileRef = 5B78341210EA8B3A0002A237 /* CellGame.m */; };
		5B85FB2D10C2D12D006BBE9A /* BidType.m in Sources */ = {isa = PBXBuildFile; fileRef = 5B85FB2C10C2D12D006BBE9A /* BidType.m */; };
		5B904C5810D28A2B003F5324 /* BidTypeTest.m in Sources */ = {isa = PBXBuildFile; fileRef = 5B904C5710D28A2B003F5324 /* BidTypeTest.m */; };
		5B904CA510D29702003F5324 /* BidType.m in Sources */ = {isa = PBXBuildFile; fileRef = 5B85FB2C10C2D12D006BBE9A /* BidType.m */; };
		5BA10F6F10E2970F000A391F /* CellScoringRound.m in Sources */ = {isa = PBXBuildFile; fileRef = 5BA10F6E10E2970F000A391F /* CellScoringRound.m */; };
		5BA10F7210E297D8000A391F /* CellScoringRound.xib in Resources */ = {isa = PBXBuildFile; fileRef = 5BA10F7110E297D8000A391F /* CellScoringRound.xib */; };
		5BA10F8B10E2A0DB000A391F /* GameViewController.m in Sources */ = {isa = PBXBuildFile; fileRef = 5BA10F8A10E2A0DB000A391F /* GameViewController.m */; };
		5BADBD4B10EF70530058E0D0 /* GameListView.xib in Resources */ = {isa = PBXBuildFile; fileRef = 5BADBD4A10EF70530058E0D0 /* GameListView.xib */; };
		5BADBD4E10EF70730058E0D0 /* GameListViewController.m in Sources */ = {isa = PBXBuildFile; fileRef = 5BADBD4D10EF70730058E0D0 /* GameListViewController.m */; };
		5BCB36C110EF4C5800799537 /* GameView.xib in Resources */ = {isa = PBXBuildFile; fileRef = 5BCB36C010EF4C5800799537 /* GameView.xib */; };
/* End PBXBuildFile section */

/* Begin PBXContainerItemProxy section */
		5B904C5D10D28B4E003F5324 /* PBXContainerItemProxy */ = {
			isa = PBXContainerItemProxy;
			containerPortal = 29B97313FDCFA39411CA2CEA /* Project object */;
			proxyType = 1;
			remoteGlobalIDString = 5B904C3F10D2894A003F5324;
			remoteInfo = LogicTests;
		};
/* End PBXContainerItemProxy section */

/* Begin PBXFileReference section */
		1D30AB110D05D00D00671497 /* Foundation.framework */ = {isa = PBXFileReference; lastKnownFileType = wrapper.framework; name = Foundation.framework; path = System/Library/Frameworks/Foundation.framework; sourceTree = SDKROOT; };
		1D3623240D0F684500981E51 /* ScoreFiveHundredAppDelegate.h */ = {isa = PBXFileReference; fileEncoding = 4; lastKnownFileType = sourcecode.c.h; path = ScoreFiveHundredAppDelegate.h; sourceTree = "<group>"; };
		1D3623250D0F684500981E51 /* ScoreFiveHundredAppDelegate.m */ = {isa = PBXFileReference; fileEncoding = 4; lastKnownFileType = sourcecode.c.objc; path = ScoreFiveHundredAppDelegate.m; sourceTree = "<group>"; };
		1D6058910D05DD3D006BFB54 /* ScoreFiveHundred.app */ = {isa = PBXFileReference; explicitFileType = wrapper.application; includeInIndex = 0; path = ScoreFiveHundred.app; sourceTree = BUILT_PRODUCTS_DIR; };
		1DF5F4DF0D08C38300B7A737 /* UIKit.framework */ = {isa = PBXFileReference; lastKnownFileType = wrapper.framework; name = UIKit.framework; path = System/Library/Frameworks/UIKit.framework; sourceTree = SDKROOT; };
		288765FC0DF74451002DB57D /* CoreGraphics.framework */ = {isa = PBXFileReference; lastKnownFileType = wrapper.framework; name = CoreGraphics.framework; path = System/Library/Frameworks/CoreGraphics.framework; sourceTree = SDKROOT; };
		28AD733E0D9D9553002E5188 /* MainWindow.xib */ = {isa = PBXFileReference; lastKnownFileType = file.xib; path = MainWindow.xib; sourceTree = "<group>"; };
		29B97316FDCFA39411CA2CEA /* main.m */ = {isa = PBXFileReference; fileEncoding = 4; lastKnownFileType = sourcecode.c.objc; path = main.m; sourceTree = "<group>"; };
		32CA4F630368D1EE00C91783 /* ScoreFiveHundred_Prefix.pch */ = {isa = PBXFileReference; fileEncoding = 4; lastKnownFileType = sourcecode.c.h; path = ScoreFiveHundred_Prefix.pch; sourceTree = "<group>"; };
		5B083DAA10FBAE3C0018A6D1 /* Default.png */ = {isa = PBXFileReference; lastKnownFileType = image.png; path = Default.png; sourceTree = "<group>"; };
		5B2ED84010FB9F4200228C9E /* icon.png */ = {isa = PBXFileReference; lastKnownFileType = image.png; path = icon.png; sourceTree = "<group>"; };
		5B49946510CFEF8E00C24443 /* CellWrapper.h */ = {isa = PBXFileReference; fileEncoding = 4; lastKnownFileType = sourcecode.c.h; path = CellWrapper.h; sourceTree = "<group>"; };
		5B49946610CFEF8E00C24443 /* CellWrapper.m */ = {isa = PBXFileReference; fileEncoding = 4; lastKnownFileType = sourcecode.c.objc; path = CellWrapper.m; sourceTree = "<group>"; };
		5B49946C10CFF0C700C24443 /* CellBidType.h */ = {isa = PBXFileReference; fileEncoding = 4; lastKnownFileType = sourcecode.c.h; path = CellBidType.h; sourceTree = "<group>"; };
		5B49946D10CFF0C700C24443 /* CellBidType.m */ = {isa = PBXFileReference; fileEncoding = 4; lastKnownFileType = sourcecode.c.objc; path = CellBidType.m; sourceTree = "<group>"; };
		5B49946F10CFF18000C24443 /* CellBidType.xib */ = {isa = PBXFileReference; lastKnownFileType = file.xib; path = CellBidType.xib; sourceTree = "<group>"; };
		5B57159310EF0CDE005F2E9F /* BiddingViewController.h */ = {isa = PBXFileReference; fileEncoding = 4; lastKnownFileType = sourcecode.c.h; path = BiddingViewController.h; sourceTree = "<group>"; };
		5B57159410EF0CDE005F2E9F /* BiddingViewController.m */ = {isa = PBXFileReference; fileEncoding = 4; lastKnownFileType = sourcecode.c.objc; path = BiddingViewController.m; sourceTree = "<group>"; };
		5B57159F10EF0E18005F2E9F /* BiddingView.xib */ = {isa = PBXFileReference; lastKnownFileType = file.xib; path = BiddingView.xib; sourceTree = "<group>"; };
		5B78340F10EA86570002A237 /* CellGame.xib */ = {isa = PBXFileReference; lastKnownFileType = file.xib; path = CellGame.xib; sourceTree = "<group>"; };
		5B78341110EA8B3A0002A237 /* CellGame.h */ = {isa = PBXFileReference; fileEncoding = 4; lastKnownFileType = sourcecode.c.h; path = CellGame.h; sourceTree = "<group>"; };
		5B78341210EA8B3A0002A237 /* CellGame.m */ = {isa = PBXFileReference; fileEncoding = 4; lastKnownFileType = sourcecode.c.objc; path = CellGame.m; sourceTree = "<group>"; };
		5B85FB2B10C2D12D006BBE9A /* BidType.h */ = {isa = PBXFileReference; fileEncoding = 4; lastKnownFileType = sourcecode.c.h; path = BidType.h; sourceTree = "<group>"; };
		5B85FB2C10C2D12D006BBE9A /* BidType.m */ = {isa = PBXFileReference; fileEncoding = 4; lastKnownFileType = sourcecode.c.objc; path = BidType.m; sourceTree = "<group>"; };
		5B904C4010D2894A003F5324 /* LogicTests.octest */ = {isa = PBXFileReference; explicitFileType = wrapper.cfbundle; includeInIndex = 0; path = LogicTests.octest; sourceTree = BUILT_PRODUCTS_DIR; };
		5B904C4110D2894A003F5324 /* LogicTests-Info.plist */ = {isa = PBXFileReference; lastKnownFileType = text.plist; name = "LogicTests-Info.plist"; path = "Tests/LogicTests-Info.plist"; sourceTree = "<group>"; };
		5B904C5610D28A2B003F5324 /* BidTypeTest.h */ = {isa = PBXFileReference; fileEncoding = 4; lastKnownFileType = sourcecode.c.h; name = BidTypeTest.h; path = Tests/BidTypeTest.h; sourceTree = "<group>"; };
		5B904C5710D28A2B003F5324 /* BidTypeTest.m */ = {isa = PBXFileReference; fileEncoding = 4; lastKnownFileType = sourcecode.c.objc; name = BidTypeTest.m; path = Tests/BidTypeTest.m; sourceTree = "<group>"; };
		5BA10F6D10E2970F000A391F /* CellScoringRound.h */ = {isa = PBXFileReference; fileEncoding = 4; lastKnownFileType = sourcecode.c.h; path = CellScoringRound.h; sourceTree = "<group>"; };
		5BA10F6E10E2970F000A391F /* CellScoringRound.m */ = {isa = PBXFileReference; fileEncoding = 4; lastKnownFileType = sourcecode.c.objc; path = CellScoringRound.m; sourceTree = "<group>"; };
		5BA10F7110E297D8000A391F /* CellScoringRound.xib */ = {isa = PBXFileReference; lastKnownFileType = file.xib; path = CellScoringRound.xib; sourceTree = "<group>"; };
		5BA10F8910E2A0DB000A391F /* GameViewController.h */ = {isa = PBXFileReference; fileEncoding = 4; lastKnownFileType = sourcecode.c.h; path = GameViewController.h; sourceTree = "<group>"; };
		5BA10F8A10E2A0DB000A391F /* GameViewController.m */ = {isa = PBXFileReference; fileEncoding = 4; lastKnownFileType = sourcecode.c.objc; path = GameViewController.m; sourceTree = "<group>"; };
		5BADBD4A10EF70530058E0D0 /* GameListView.xib */ = {isa = PBXFileReference; lastKnownFileType = file.xib; path = GameListView.xib; sourceTree = "<group>"; };
		5BADBD4C10EF70730058E0D0 /* GameListViewController.h */ = {isa = PBXFileReference; fileEncoding = 4; lastKnownFileType = sourcecode.c.h; path = GameListViewController.h; sourceTree = "<group>"; };
		5BADBD4D10EF70730058E0D0 /* GameListViewController.m */ = {isa = PBXFileReference; fileEncoding = 4; lastKnownFileType = sourcecode.c.objc; path = GameListViewController.m; sourceTree = "<group>"; };
		5BCB36C010EF4C5800799537 /* GameView.xib */ = {isa = PBXFileReference; lastKnownFileType = file.xib; path = GameView.xib; sourceTree = "<group>"; };
		8D1107310486CEB800E47090 /* ScoreFiveHundred-Info.plist */ = {isa = PBXFileReference; fileEncoding = 4; lastKnownFileType = text.plist.xml; path = "ScoreFiveHundred-Info.plist"; plistStructureDefinitionIdentifier = "com.apple.xcode.plist.structure-definition.iphone.info-plist"; sourceTree = "<group>"; };
/* End PBXFileReference section */

/* Begin PBXFrameworksBuildPhase section */
		1D60588F0D05DD3D006BFB54 /* Frameworks */ = {
			isa = PBXFrameworksBuildPhase;
			buildActionMask = 2147483647;
			files = (
				1D60589F0D05DD5A006BFB54 /* Foundation.framework in Frameworks */,
				1DF5F4E00D08C38300B7A737 /* UIKit.framework in Frameworks */,
				288765FD0DF74451002DB57D /* CoreGraphics.framework in Frameworks */,
			);
			runOnlyForDeploymentPostprocessing = 0;
		};
		5B904C3D10D2894A003F5324 /* Frameworks */ = {
			isa = PBXFrameworksBuildPhase;
			buildActionMask = 2147483647;
			files = (
			);
			runOnlyForDeploymentPostprocessing = 0;
		};
/* End PBXFrameworksBuildPhase section */

/* Begin PBXGroup section */
		080E96DDFE201D6D7F000001 /* Classes */ = {
			isa = PBXGroup;
			children = (
				5B85FB2B10C2D12D006BBE9A /* BidType.h */,
				5B85FB2C10C2D12D006BBE9A /* BidType.m */,
				1D3623240D0F684500981E51 /* ScoreFiveHundredAppDelegate.h */,
				1D3623250D0F684500981E51 /* ScoreFiveHundredAppDelegate.m */,
				5BADBD4C10EF70730058E0D0 /* GameListViewController.h */,
				5BADBD4D10EF70730058E0D0 /* GameListViewController.m */,
				5BA10F8910E2A0DB000A391F /* GameViewController.h */,
				5BA10F8A10E2A0DB000A391F /* GameViewController.m */,
				5B57159310EF0CDE005F2E9F /* BiddingViewController.h */,
				5B57159410EF0CDE005F2E9F /* BiddingViewController.m */,
				5B49946510CFEF8E00C24443 /* CellWrapper.h */,
				5B49946610CFEF8E00C24443 /* CellWrapper.m */,
				5B78341110EA8B3A0002A237 /* CellGame.h */,
				5B78341210EA8B3A0002A237 /* CellGame.m */,
				5BA10F6D10E2970F000A391F /* CellScoringRound.h */,
				5BA10F6E10E2970F000A391F /* CellScoringRound.m */,
				5B49946C10CFF0C700C24443 /* CellBidType.h */,
				5B49946D10CFF0C700C24443 /* CellBidType.m */,
			);
			path = Classes;
			sourceTree = "<group>";
		};
		19C28FACFE9D520D11CA2CBB /* Products */ = {
			isa = PBXGroup;
			children = (
				1D6058910D05DD3D006BFB54 /* ScoreFiveHundred.app */,
				5B904C4010D2894A003F5324 /* LogicTests.octest */,
			);
			name = Products;
			sourceTree = "<group>";
		};
		29B97314FDCFA39411CA2CEA /* CustomTemplate */ = {
			isa = PBXGroup;
			children = (
				080E96DDFE201D6D7F000001 /* Classes */,
				5B904C5410D28990003F5324 /* Tests */,
				29B97315FDCFA39411CA2CEA /* Other Sources */,
				29B97317FDCFA39411CA2CEA /* Resources */,
				29B97323FDCFA39411CA2CEA /* Frameworks */,
				19C28FACFE9D520D11CA2CBB /* Products */,
				5BCB36C010EF4C5800799537 /* GameView.xib */,
				5BADBD4A10EF70530058E0D0 /* GameListView.xib */,
			);
			name = CustomTemplate;
			sourceTree = "<group>";
		};
		29B97315FDCFA39411CA2CEA /* Other Sources */ = {
			isa = PBXGroup;
			children = (
				32CA4F630368D1EE00C91783 /* ScoreFiveHundred_Prefix.pch */,
				29B97316FDCFA39411CA2CEA /* main.m */,
			);
			name = "Other Sources";
			sourceTree = "<group>";
		};
		29B97317FDCFA39411CA2CEA /* Resources */ = {
			isa = PBXGroup;
			children = (
				5B2ED84010FB9F4200228C9E /* icon.png */,
				8D1107310486CEB800E47090 /* ScoreFiveHundred-Info.plist */,
				28AD733E0D9D9553002E5188 /* MainWindow.xib */,
				5B57159F10EF0E18005F2E9F /* BiddingView.xib */,
				5B49946F10CFF18000C24443 /* CellBidType.xib */,
				5B78340F10EA86570002A237 /* CellGame.xib */,
				5BA10F7110E297D8000A391F /* CellScoringRound.xib */,
				5B083DAA10FBAE3C0018A6D1 /* Default.png */,
			);
			name = Resources;
			sourceTree = "<group>";
		};
		29B97323FDCFA39411CA2CEA /* Frameworks */ = {
			isa = PBXGroup;
			children = (
				1DF5F4DF0D08C38300B7A737 /* UIKit.framework */,
				1D30AB110D05D00D00671497 /* Foundation.framework */,
				288765FC0DF74451002DB57D /* CoreGraphics.framework */,
			);
			name = Frameworks;
			sourceTree = "<group>";
		};
		5B904C5410D28990003F5324 /* Tests */ = {
			isa = PBXGroup;
			children = (
				5B904C5610D28A2B003F5324 /* BidTypeTest.h */,
				5B904C5710D28A2B003F5324 /* BidTypeTest.m */,
				5B904C4110D2894A003F5324 /* LogicTests-Info.plist */,
			);
			name = Tests;
			sourceTree = "<group>";
		};
/* End PBXGroup section */

/* Begin PBXNativeTarget section */
		1D6058900D05DD3D006BFB54 /* ScoreFiveHundred */ = {
			isa = PBXNativeTarget;
			buildConfigurationList = 1D6058960D05DD3E006BFB54 /* Build configuration list for PBXNativeTarget "ScoreFiveHundred" */;
			buildPhases = (
				1D60588D0D05DD3D006BFB54 /* Resources */,
				1D60588E0D05DD3D006BFB54 /* Sources */,
				1D60588F0D05DD3D006BFB54 /* Frameworks */,
			);
			buildRules = (
			);
			dependencies = (
				5B904C5E10D28B4E003F5324 /* PBXTargetDependency */,
			);
			name = ScoreFiveHundred;
			productName = ScoreFiveHundred;
			productReference = 1D6058910D05DD3D006BFB54 /* ScoreFiveHundred.app */;
			productType = "com.apple.product-type.application";
		};
		5B904C3F10D2894A003F5324 /* LogicTests */ = {
			isa = PBXNativeTarget;
			buildConfigurationList = 5B904C4710D2894A003F5324 /* Build configuration list for PBXNativeTarget "LogicTests" */;
			buildPhases = (
				5B904C3B10D2894A003F5324 /* Resources */,
				5B904C3C10D2894A003F5324 /* Sources */,
				5B904C3D10D2894A003F5324 /* Frameworks */,
				5B904C3E10D2894A003F5324 /* ShellScript */,
			);
			buildRules = (
			);
			dependencies = (
			);
			name = LogicTests;
			productName = LogicTests;
			productReference = 5B904C4010D2894A003F5324 /* LogicTests.octest */;
			productType = "com.apple.product-type.bundle";
		};
/* End PBXNativeTarget section */

/* Begin PBXProject section */
		29B97313FDCFA39411CA2CEA /* Project object */ = {
			isa = PBXProject;
			buildConfigurationList = C01FCF4E08A954540054247B /* Build configuration list for PBXProject "ScoreFiveHundred" */;
			compatibilityVersion = "Xcode 3.2";
			hasScannedForEncodings = 1;
			mainGroup = 29B97314FDCFA39411CA2CEA /* CustomTemplate */;
			projectDirPath = "";
			projectRoot = "";
			targets = (
				1D6058900D05DD3D006BFB54 /* ScoreFiveHundred */,
				5B904C3F10D2894A003F5324 /* LogicTests */,
			);
		};
/* End PBXProject section */

/* Begin PBXResourcesBuildPhase section */
		1D60588D0D05DD3D006BFB54 /* Resources */ = {
			isa = PBXResourcesBuildPhase;
			buildActionMask = 2147483647;
			files = (
				28AD733F0D9D9553002E5188 /* MainWindow.xib in Resources */,
				5B49947010CFF18000C24443 /* CellBidType.xib in Resources */,
				5BA10F7210E297D8000A391F /* CellScoringRound.xib in Resources */,
				5B78341010EA86570002A237 /* CellGame.xib in Resources */,
				5B5715A010EF0E18005F2E9F /* BiddingView.xib in Resources */,
				5BCB36C110EF4C5800799537 /* GameView.xib in Resources */,
				5BADBD4B10EF70530058E0D0 /* GameListView.xib in Resources */,
				5B2ED84110FB9F4200228C9E /* icon.png in Resources */,
				5B083DAB10FBAE3C0018A6D1 /* Default.png in Resources */,
			);
			runOnlyForDeploymentPostprocessing = 0;
		};
		5B904C3B10D2894A003F5324 /* Resources */ = {
			isa = PBXResourcesBuildPhase;
			buildActionMask = 2147483647;
			files = (
				5B083DAC10FBAE3C0018A6D1 /* Default.png in Resources */,
			);
			runOnlyForDeploymentPostprocessing = 0;
		};
/* End PBXResourcesBuildPhase section */

/* Begin PBXShellScriptBuildPhase section */
		5B904C3E10D2894A003F5324 /* ShellScript */ = {
			isa = PBXShellScriptBuildPhase;
			buildActionMask = 2147483647;
			files = (
			);
			inputPaths = (
			);
			outputPaths = (
			);
			runOnlyForDeploymentPostprocessing = 0;
			shellPath = /bin/sh;
			shellScript = "# Run the unit tests in this test bundle.\n\"${SYSTEM_DEVELOPER_DIR}/Tools/RunUnitTests\" 1> /tmp/RunUnitTests.out";
		};
/* End PBXShellScriptBuildPhase section */

/* Begin PBXSourcesBuildPhase section */
		1D60588E0D05DD3D006BFB54 /* Sources */ = {
			isa = PBXSourcesBuildPhase;
			buildActionMask = 2147483647;
			files = (
				1D60589B0D05DD56006BFB54 /* main.m in Sources */,
				1D3623260D0F684500981E51 /* ScoreFiveHundredAppDelegate.m in Sources */,
				5B85FB2D10C2D12D006BBE9A /* BidType.m in Sources */,
				5B49946710CFEF8E00C24443 /* CellWrapper.m in Sources */,
				5B49946E10CFF0C700C24443 /* CellBidType.m in Sources */,
				5BA10F6F10E2970F000A391F /* CellScoringRound.m in Sources */,
				5BA10F8B10E2A0DB000A391F /* GameViewController.m in Sources */,
				5B78341310EA8B3A0002A237 /* CellGame.m in Sources */,
				5B57159610EF0CDE005F2E9F /* BiddingViewController.m in Sources */,
				5BADBD4E10EF70730058E0D0 /* GameListViewController.m in Sources */,
			);
			runOnlyForDeploymentPostprocessing = 0;
		};
		5B904C3C10D2894A003F5324 /* Sources */ = {
			isa = PBXSourcesBuildPhase;
			buildActionMask = 2147483647;
			files = (
				5B904CA510D29702003F5324 /* BidType.m in Sources */,
				5B904C5810D28A2B003F5324 /* BidTypeTest.m in Sources */,
			);
			runOnlyForDeploymentPostprocessing = 0;
		};
/* End PBXSourcesBuildPhase section */

/* Begin PBXTargetDependency section */
		5B904C5E10D28B4E003F5324 /* PBXTargetDependency */ = {
			isa = PBXTargetDependency;
			target = 5B904C3F10D2894A003F5324 /* LogicTests */;
			targetProxy = 5B904C5D10D28B4E003F5324 /* PBXContainerItemProxy */;
		};
/* End PBXTargetDependency section */

/* Begin XCBuildConfiguration section */
		1D6058940D05DD3E006BFB54 /* Debug */ = {
			isa = XCBuildConfiguration;
			buildSettings = {
				ALWAYS_SEARCH_USER_PATHS = NO;
				COPY_PHASE_STRIP = NO;
				GCC_DYNAMIC_NO_PIC = NO;
				GCC_OPTIMIZATION_LEVEL = 0;
				GCC_PRECOMPILE_PREFIX_HEADER = YES;
				GCC_PREFIX_HEADER = ScoreFiveHundred_Prefix.pch;
				INFOPLIST_FILE = "ScoreFiveHundred-Info.plist";
				PRODUCT_NAME = ScoreFiveHundred;
			};
			name = Debug;
		};
		1D6058950D05DD3E006BFB54 /* Release */ = {
			isa = XCBuildConfiguration;
			buildSettings = {
				ALWAYS_SEARCH_USER_PATHS = NO;
				COPY_PHASE_STRIP = YES;
				GCC_PRECOMPILE_PREFIX_HEADER = YES;
				GCC_PREFIX_HEADER = ScoreFiveHundred_Prefix.pch;
				INFOPLIST_FILE = "ScoreFiveHundred-Info.plist";
				PRODUCT_NAME = ScoreFiveHundred;
			};
			name = Release;
		};
		5B904C4510D2894A003F5324 /* Debug */ = {
			isa = XCBuildConfiguration;
			buildSettings = {
				ALWAYS_SEARCH_USER_PATHS = NO;
				COPY_PHASE_STRIP = NO;
				FRAMEWORK_SEARCH_PATHS = (
					"\"$(SDKROOT)/Developer/Library/Frameworks\"",
					"\"$(DEVELOPER_LIBRARY_DIR)/Frameworks\"",
				);
				GCC_DYNAMIC_NO_PIC = NO;
				GCC_ENABLE_FIX_AND_CONTINUE = NO;
				GCC_ENABLE_OBJC_EXCEPTIONS = YES;
				GCC_OPTIMIZATION_LEVEL = 0;
				INFOPLIST_FILE = "Tests/LogicTests-Info.plist";
				OTHER_LDFLAGS = (
					"-framework",
					Foundation,
					"-framework",
					SenTestingKit,
					"-framework",
					UIKit,
				);
				PREBINDING = NO;
				PRODUCT_NAME = LogicTests;
				SDKROOT = iphonesimulator3.1.2;
				WRAPPER_EXTENSION = octest;
			};
			name = Debug;
		};
		5B904C4610D2894A003F5324 /* Release */ = {
			isa = XCBuildConfiguration;
			buildSettings = {
				ALWAYS_SEARCH_USER_PATHS = NO;
				COPY_PHASE_STRIP = YES;
				DEBUG_INFORMATION_FORMAT = "dwarf-with-dsym";
				FRAMEWORK_SEARCH_PATHS = (
					"\"$(SDKROOT)/Developer/Library/Frameworks\"",
					"\"$(DEVELOPER_LIBRARY_DIR)/Frameworks\"",
				);
				GCC_ENABLE_FIX_AND_CONTINUE = NO;
				GCC_ENABLE_OBJC_EXCEPTIONS = YES;
				INFOPLIST_FILE = "Tests/LogicTests-Info.plist";
				OTHER_LDFLAGS = (
					"-framework",
					Foundation,
					"-framework",
					SenTestingKit,
					"-framework",
					UIKit,
				);
				PREBINDING = NO;
				PRODUCT_NAME = LogicTests;
				WRAPPER_EXTENSION = octest;
				ZERO_LINK = NO;
			};
			name = Release;
		};
		C01FCF4F08A954540054247B /* Debug */ = {
			isa = XCBuildConfiguration;
			buildSettings = {
				ARCHS = "$(ARCHS_STANDARD_32_BIT)";
				"CODE_SIGN_IDENTITY[sdk=iphoneos*]" = "iPhone Developer";
				GCC_C_LANGUAGE_STANDARD = c99;
				GCC_WARN_ABOUT_RETURN_TYPE = YES;
				GCC_WARN_UNUSED_VARIABLE = YES;
				PREBINDING = NO;
				SDKROOT = iphonesimulator3.1.2;
			};
			name = Debug;
		};
		C01FCF5008A954540054247B /* Release */ = {
			isa = XCBuildConfiguration;
			buildSettings = {
				ARCHS = "$(ARCHS_STANDARD_32_BIT)";
				"CODE_SIGN_IDENTITY[sdk=iphoneos*]" = "iPhone Developer";
				GCC_C_LANGUAGE_STANDARD = c99;
				GCC_WARN_ABOUT_RETURN_TYPE = YES;
				GCC_WARN_UNUSED_VARIABLE = YES;
				PREBINDING = NO;
				SDKROOT = iphonesimulator3.1.2;
			};
			name = Release;
		};
/* End XCBuildConfiguration section */

/* Begin XCConfigurationList section */
		1D6058960D05DD3E006BFB54 /* Build configuration list for PBXNativeTarget "ScoreFiveHundred" */ = {
			isa = XCConfigurationList;
			buildConfigurations = (
				1D6058940D05DD3E006BFB54 /* Debug */,
				1D6058950D05DD3E006BFB54 /* Release */,
			);
			defaultConfigurationIsVisible = 0;
			defaultConfigurationName = Release;
		};
		5B904C4710D2894A003F5324 /* Build configuration list for PBXNativeTarget "LogicTests" */ = {
			isa = XCConfigurationList;
			buildConfigurations = (
				5B904C4510D2894A003F5324 /* Debug */,
				5B904C4610D2894A003F5324 /* Release */,
			);
			defaultConfigurationIsVisible = 0;
			defaultConfigurationName = Release;
		};
		C01FCF4E08A954540054247B /* Build configuration list for PBXProject "ScoreFiveHundred" */ = {
			isa = XCConfigurationList;
			buildConfigurations = (
				C01FCF4F08A954540054247B /* Debug */,
				C01FCF5008A954540054247B /* Release */,
			);
			defaultConfigurationIsVisible = 0;
			defaultConfigurationName = Release;
		};
/* End XCConfigurationList section */
	};
	rootObject = 29B97313FDCFA39411CA2CEA /* Project object */;
}
